
Microsoft Visual Studio Solution File, Format Version 11.00
# Visual Studio 2010
Project("{FAE04EC0-301F-11D3-BF4B-00C04F79EFBC}") = "HelenaPhotography", "MvcApplication1\HelenaPhotography.csproj", "{62B3BC1E-4710-4F60-A354-BB80F97BA45C}"
EndProject
Project("{FAE04EC0-301F-11D3-BF4B-00C04F79EFBC}") = "HelenaPhotography.Tests", "MvcApplication1.Tests\HelenaPhotography.Tests.csproj", "{513EC750-0A22-47FD-9009-561B1B2347D1}"
EndProject
Global
	GlobalSection(SolutionConfigurationPlatforms) = preSolution
		Debug|Any CPU = Debug|Any CPU
		Release|Any CPU = Release|Any CPU
	EndGlobalSection
	GlobalSection(ProjectConfigurationPlatforms) = postSolution
		{62B3BC1E-4710-4F60-A354-BB80F97BA45C}.Debug|Any CPU.ActiveCfg = Debug|Any CPU
		{62B3BC1E-4710-4F60-A354-BB80F97BA45C}.Debug|Any CPU.Build.0 = Debug|Any CPU
		{62B3BC1E-4710-4F60-A354-BB80F97BA45C}.Release|Any CPU.ActiveCfg = Release|Any CPU
		{62B3BC1E-4710-4F60-A354-BB80F97BA45C}.Release|Any CPU.Build.0 = Release|Any CPU
		{513EC750-0A22-47FD-9009-561B1B2347D1}.Debug|Any CPU.ActiveCfg = Debug|Any CPU
		{513EC750-0A22-47FD-9009-561B1B2347D1}.Debug|Any CPU.Build.0 = Debug|Any CPU
		{513EC750-0A22-47FD-9009-561B1B2347D1}.Release|Any CPU.ActiveCfg = Release|Any CPU
		{513EC750-0A22-47FD-9009-561B1B2347D1}.Release|Any CPU.Build.0 = Release|Any CPU
	EndGlobalSection
	GlobalSection(SolutionProperties) = preSolution
		HideSolutionNode = FALSE
	EndGlobalSection
EndGlobal
